
Microsoft Visual Studio Solution File, Format Version 12.00
# Visual Studio Version 17
VisualStudioVersion = 17.6.33723.286
MinimumVisualStudioVersion = 10.0.40219.1
Project("{9A19103F-16F7-4668-BE54-9A1E7A4F7556}") = "chatclient", "chatclient\chatclient.csproj", "{07C7293D-1989-45E3-97AB-A41F46B8EC2A}"
EndProject
Global
	GlobalSection(SolutionConfigurationPlatforms) = preSolution
		Debug|Any CPU = Debug|Any CPU
		Release|Any CPU = Release|Any CPU
	EndGlobalSection
	GlobalSection(ProjectConfigurationPlatforms) = postSolution
		{07C7293D-1989-45E3-97AB-A41F46B8EC2A}.Debug|Any CPU.ActiveCfg = Debug|Any CPU
		{07C7293D-1989-45E3-97AB-A41F46B8EC2A}.Debug|Any CPU.Build.0 = Debug|Any CPU
		{07C7293D-1989-45E3-97AB-A41F46B8EC2A}.Release|Any CPU.ActiveCfg = Release|Any CPU
		{07C7293D-1989-45E3-97AB-A41F46B8EC2A}.Release|Any CPU.Build.0 = Release|Any CPU
	EndGlobalSection
	GlobalSection(SolutionProperties) = preSolution
		HideSolutionNode = FALSE
	EndGlobalSection
	GlobalSection(ExtensibilityGlobals) = postSolution
		SolutionGuid = {01BEA76E-1A6D-4166-8005-64393C4E20F1}
	EndGlobalSection
EndGlobal
